
Microsoft Visual Studio Solution File, Format Version 12.00
# Visual Studio Version 17
VisualStudioVersion = 17.0.31903.59
MinimumVisualStudioVersion = 10.0.40219.1
Project("{FAE04EC0-301F-11D3-BF4B-00C04F79EFBC}") = "Maliev.SupplierService.Api", "Maliev.SupplierService.Api\Maliev.SupplierService.Api.csproj", "{A0DCC601-0239-466E-917D-C9A506FB5B4D}"
EndProject
Project("{FAE04EC0-301F-11D3-BF4B-00C04F79EFBC}") = "Maliev.SupplierService.Data", "Maliev.SupplierService.Data\Maliev.SupplierService.Data.csproj", "{58A45206-3435-4CEB-9367-B6F10662EAD6}"
EndProject
Project("{FAE04EC0-301F-11D3-BF4B-00C04F79EFBC}") = "Maliev.SupplierService.Tests", "Maliev.SupplierService.Tests\Maliev.SupplierService.Tests.csproj", "{551181E5-1522-43AA-B486-01C5A52845EC}"
EndProject
Global
	GlobalSection(SolutionConfigurationPlatforms) = preSolution
		Debug|Any CPU = Debug|Any CPU
		Debug|x64 = Debug|x64
		Debug|x86 = Debug|x86
		Release|Any CPU = Release|Any CPU
		Release|x64 = Release|x64
		Release|x86 = Release|x86
	EndGlobalSection
	GlobalSection(ProjectConfigurationPlatforms) = postSolution
		{A0DCC601-0239-466E-917D-C9A506FB5B4D}.Debug|Any CPU.ActiveCfg = Debug|Any CPU
		{A0DCC601-0239-466E-917D-C9A506FB5B4D}.Debug|Any CPU.Build.0 = Debug|Any CPU
		{A0DCC601-0239-466E-917D-C9A506FB5B4D}.Debug|x64.ActiveCfg = Debug|Any CPU
		{A0DCC601-0239-466E-917D-C9A506FB5B4D}.Debug|x64.Build.0 = Debug|Any CPU
		{A0DCC601-0239-466E-917D-C9A506FB5B4D}.Debug|x86.ActiveCfg = Debug|Any CPU
		{A0DCC601-0239-466E-917D-C9A506FB5B4D}.Debug|x86.Build.0 = Debug|Any CPU
		{A0DCC601-0239-466E-917D-C9A506FB5B4D}.Release|Any CPU.ActiveCfg = Release|Any CPU
		{A0DCC601-0239-466E-917D-C9A506FB5B4D}.Release|Any CPU.Build.0 = Release|Any CPU
		{A0DCC601-0239-466E-917D-C9A506FB5B4D}.Release|x64.ActiveCfg = Release|Any CPU
		{A0DCC601-0239-466E-917D-C9A506FB5B4D}.Release|x64.Build.0 = Release|Any CPU
		{A0DCC601-0239-466E-917D-C9A506FB5B4D}.Release|x86.ActiveCfg = Release|Any CPU
		{A0DCC601-0239-466E-917D-C9A506FB5B4D}.Release|x86.Build.0 = Release|Any CPU
		{58A45206-3435-4CEB-9367-B6F10662EAD6}.Debug|Any CPU.ActiveCfg = Debug|Any CPU
		{58A45206-3435-4CEB-9367-B6F10662EAD6}.Debug|Any CPU.Build.0 = Debug|Any CPU
		{58A45206-3435-4CEB-9367-B6F10662EAD6}.Debug|x64.ActiveCfg = Debug|Any CPU
		{58A45206-3435-4CEB-9367-B6F10662EAD6}.Debug|x64.Build.0 = Debug|Any CPU
		{58A45206-3435-4CEB-9367-B6F10662EAD6}.Debug|x86.ActiveCfg = Debug|Any CPU
		{58A45206-3435-4CEB-9367-B6F10662EAD6}.Debug|x86.Build.0 = Debug|Any CPU
		{58A45206-3435-4CEB-9367-B6F10662EAD6}.Release|Any CPU.ActiveCfg = Release|Any CPU
		{58A45206-3435-4CEB-9367-B6F10662EAD6}.Release|Any CPU.Build.0 = Release|Any CPU
		{58A45206-3435-4CEB-9367-B6F10662EAD6}.Release|x64.ActiveCfg = Release|Any CPU
		{58A45206-3435-4CEB-9367-B6F10662EAD6}.Release|x64.Build.0 = Release|Any CPU
		{58A45206-3435-4CEB-9367-B6F10662EAD6}.Release|x86.ActiveCfg = Release|Any CPU
		{58A45206-3435-4CEB-9367-B6F10662EAD6}.Release|x86.Build.0 = Release|Any CPU
		{551181E5-1522-43AA-B486-01C5A52845EC}.Debug|Any CPU.ActiveCfg = Debug|Any CPU
		{551181E5-1522-43AA-B486-01C5A52845EC}.Debug|Any CPU.Build.0 = Debug|Any CPU
		{551181E5-1522-43AA-B486-01C5A52845EC}.Debug|x64.ActiveCfg = Debug|Any CPU
		{551181E5-1522-43AA-B486-01C5A52845EC}.Debug|x64.Build.0 = Debug|Any CPU
		{551181E5-1522-43AA-B486-01C5A52845EC}.Debug|x86.ActiveCfg = Debug|Any CPU
		{551181E5-1522-43AA-B486-01C5A52845EC}.Debug|x86.Build.0 = Debug|Any CPU
		{551181E5-1522-43AA-B486-01C5A52845EC}.Release|Any CPU.ActiveCfg = Release|Any CPU
		{551181E5-1522-43AA-B486-01C5A52845EC}.Release|Any CPU.Build.0 = Release|Any CPU
		{551181E5-1522-43AA-B486-01C5A52845EC}.Release|x64.ActiveCfg = Release|Any CPU
		{551181E5-1522-43AA-B486-01C5A52845EC}.Release|x64.Build.0 = Release|Any CPU
		{551181E5-1522-43AA-B486-01C5A52845EC}.Release|x86.ActiveCfg = Release|Any CPU
		{551181E5-1522-43AA-B486-01C5A52845EC}.Release|x86.Build.0 = Release|Any CPU
	EndGlobalSection
	GlobalSection(SolutionProperties) = preSolution
		HideSolutionNode = FALSE
	EndGlobalSection
EndGlobal
